
Microsoft Visual Studio Solution File, Format Version 12.00
# Visual Studio Version 16
VisualStudioVersion = 16.0.30114.105
MinimumVisualStudioVersion = 10.0.40219.1
Project("{FAE04EC0-301F-11D3-BF4B-00C04F79EFBC}") = "SGP", "SGP\SGP.csproj", "{AD609507-12A1-4C6B-B64E-767DCFD039EA}"
EndProject
Global
	GlobalSection(SolutionConfigurationPlatforms) = preSolution
		Debug|Any CPU = Debug|Any CPU
		Release|Any CPU = Release|Any CPU
	EndGlobalSection
	GlobalSection(SolutionProperties) = preSolution
		HideSolutionNode = FALSE
	EndGlobalSection
	GlobalSection(ProjectConfigurationPlatforms) = postSolution
		{AD609507-12A1-4C6B-B64E-767DCFD039EA}.Debug|Any CPU.ActiveCfg = Debug|Any CPU
		{AD609507-12A1-4C6B-B64E-767DCFD039EA}.Debug|Any CPU.Build.0 = Debug|Any CPU
		{AD609507-12A1-4C6B-B64E-767DCFD039EA}.Release|Any CPU.ActiveCfg = Release|Any CPU
		{AD609507-12A1-4C6B-B64E-767DCFD039EA}.Release|Any CPU.Build.0 = Release|Any CPU
	EndGlobalSection
EndGlobal
