
Microsoft Visual Studio Solution File, Format Version 12.00
# Visual Studio Version 16
VisualStudioVersion = 16.0.31729.503
MinimumVisualStudioVersion = 10.0.40219.1
Project("{FAE04EC0-301F-11D3-BF4B-00C04F79EFBC}") = "Funcoes", "Funcoes\Funcoes.csproj", "{6A3BC640-3430-4632-BF56-CCA868CF67EC}"
EndProject
Global
	GlobalSection(SolutionConfigurationPlatforms) = preSolution
		Debug|Any CPU = Debug|Any CPU
		Release|Any CPU = Release|Any CPU
	EndGlobalSection
	GlobalSection(ProjectConfigurationPlatforms) = postSolution
		{6A3BC640-3430-4632-BF56-CCA868CF67EC}.Debug|Any CPU.ActiveCfg = Debug|Any CPU
		{6A3BC640-3430-4632-BF56-CCA868CF67EC}.Debug|Any CPU.Build.0 = Debug|Any CPU
		{6A3BC640-3430-4632-BF56-CCA868CF67EC}.Release|Any CPU.ActiveCfg = Release|Any CPU
		{6A3BC640-3430-4632-BF56-CCA868CF67EC}.Release|Any CPU.Build.0 = Release|Any CPU
	EndGlobalSection
	GlobalSection(SolutionProperties) = preSolution
		HideSolutionNode = FALSE
	EndGlobalSection
	GlobalSection(ExtensibilityGlobals) = postSolution
		SolutionGuid = {9D93D502-5D3E-4646-9AA7-86B0DD40EDA8}
	EndGlobalSection
EndGlobal
